
Microsoft Visual Studio Solution File, Format Version 12.00
# Visual Studio Version 16
VisualStudioVersion = 16.0.31424.327
MinimumVisualStudioVersion = 10.0.40219.1
Project("{FAE04EC0-301F-11D3-BF4B-00C04F79EFBC}") = "OnlineMovieBookingFinal", "OnlineMovieBookingFinal\OnlineMovieBookingFinal.csproj", "{8B5D246C-67BC-43AF-B8D6-85B38327EB64}"
EndProject
Project("{FAE04EC0-301F-11D3-BF4B-00C04F79EFBC}") = "OnlineMovieBookingFinal.Domain", "OnlineMovieBookingFinal.Domain\OnlineMovieBookingFinal.Domain.csproj", "{DD137FE6-2919-464C-9AF5-E098505ED786}"
EndProject
Global
	GlobalSection(SolutionConfigurationPlatforms) = preSolution
		Debug|Any CPU = Debug|Any CPU
		Release|Any CPU = Release|Any CPU
	EndGlobalSection
	GlobalSection(ProjectConfigurationPlatforms) = postSolution
		{8B5D246C-67BC-43AF-B8D6-85B38327EB64}.Debug|Any CPU.ActiveCfg = Debug|Any CPU
		{8B5D246C-67BC-43AF-B8D6-85B38327EB64}.Debug|Any CPU.Build.0 = Debug|Any CPU
		{8B5D246C-67BC-43AF-B8D6-85B38327EB64}.Release|Any CPU.ActiveCfg = Release|Any CPU
		{8B5D246C-67BC-43AF-B8D6-85B38327EB64}.Release|Any CPU.Build.0 = Release|Any CPU
		{DD137FE6-2919-464C-9AF5-E098505ED786}.Debug|Any CPU.ActiveCfg = Debug|Any CPU
		{DD137FE6-2919-464C-9AF5-E098505ED786}.Debug|Any CPU.Build.0 = Debug|Any CPU
		{DD137FE6-2919-464C-9AF5-E098505ED786}.Release|Any CPU.ActiveCfg = Release|Any CPU
		{DD137FE6-2919-464C-9AF5-E098505ED786}.Release|Any CPU.Build.0 = Release|Any CPU
	EndGlobalSection
	GlobalSection(SolutionProperties) = preSolution
		HideSolutionNode = FALSE
	EndGlobalSection
	GlobalSection(ExtensibilityGlobals) = postSolution
		SolutionGuid = {0AD91675-159C-4D03-84B4-B6C92CF14E73}
	EndGlobalSection
EndGlobal
